PODS:
  - TKMInfoManager (0.1.1):
    - TKMInfoManager/Core (= 0.1.1)
  - TKMInfoManager/Core (0.1.1):
    - TKMInfoManager/SourceMode
    - TKMRequest
  - TKMInfoManager/SourceMode (0.1.1)
  - TKMRequest (0.1.1):
    - TKMRequest/Core (= 0.1.1)
  - TKMRequest/Core (0.1.1):
    - TKMRequest/SourceMode
  - TKMRequest/SourceMode (0.1.1)

DEPENDENCIES:
  - TKMInfoManager (from `../`)

SPEC REPOS:
  https://github.com/TokiPods/specs.git:
    - TKMRequest

EXTERNAL SOURCES:
  TKMInfoManager:
    :path: "../"

SPEC CHECKSUMS:
  TKMInfoManager: 5118c1d3ea551bcf1f8abda7acdb126be9335042
  TKMRequest: 3a4f1e31de13cbbe79af9fc26a403794c74a4d37

PODFILE CHECKSUM: 386f34a4dc358a29eba15cc0b79376013bf0d82e

COCOAPODS: 1.10.1
